
Microsoft Visual Studio Solution File, Format Version 12.00
# Visual Studio 14
VisualStudioVersion = 14.0.25123.0
MinimumVisualStudioVersion = 10.0.40219.1
Project("{FAE04EC0-301F-11D3-BF4B-00C04F79EFBC}") = "OhioTrackStats.API.ServiceModel", "OhioTrackStats.API.ServiceModel\OhioTrackStats.API.ServiceModel.csproj", "{609FBC6A-B6DD-405D-8320-4E7DD653D442}"
EndProject
Project("{FAE04EC0-301F-11D3-BF4B-00C04F79EFBC}") = "OhioTrackStats.API.ServiceInterface", "OhioTrackStats.API.ServiceInterface\OhioTrackStats.API.ServiceInterface.csproj", "{25ACA274-B863-4E24-8443-DCD008D50E1F}"
EndProject
Project("{FAE04EC0-301F-11D3-BF4B-00C04F79EFBC}") = "OhioTrackStats.API", "OhioTrackStats.API\OhioTrackStats.API.csproj", "{FBB81B50-292B-4B52-8221-8F73B0C3F06A}"
EndProject
Global
	GlobalSection(SolutionConfigurationPlatforms) = preSolution
		Debug|Any CPU = Debug|Any CPU
		Release|Any CPU = Release|Any CPU
	EndGlobalSection
	GlobalSection(ProjectConfigurationPlatforms) = postSolution
		{609FBC6A-B6DD-405D-8320-4E7DD653D442}.Debug|Any CPU.ActiveCfg = Debug|Any CPU
		{609FBC6A-B6DD-405D-8320-4E7DD653D442}.Debug|Any CPU.Build.0 = Debug|Any CPU
		{609FBC6A-B6DD-405D-8320-4E7DD653D442}.Release|Any CPU.ActiveCfg = Release|Any CPU
		{609FBC6A-B6DD-405D-8320-4E7DD653D442}.Release|Any CPU.Build.0 = Release|Any CPU
		{25ACA274-B863-4E24-8443-DCD008D50E1F}.Debug|Any CPU.ActiveCfg = Debug|Any CPU
		{25ACA274-B863-4E24-8443-DCD008D50E1F}.Debug|Any CPU.Build.0 = Debug|Any CPU
		{25ACA274-B863-4E24-8443-DCD008D50E1F}.Release|Any CPU.ActiveCfg = Release|Any CPU
		{25ACA274-B863-4E24-8443-DCD008D50E1F}.Release|Any CPU.Build.0 = Release|Any CPU
		{FBB81B50-292B-4B52-8221-8F73B0C3F06A}.Debug|Any CPU.ActiveCfg = Debug|Any CPU
		{FBB81B50-292B-4B52-8221-8F73B0C3F06A}.Debug|Any CPU.Build.0 = Debug|Any CPU
		{FBB81B50-292B-4B52-8221-8F73B0C3F06A}.Release|Any CPU.ActiveCfg = Release|Any CPU
		{FBB81B50-292B-4B52-8221-8F73B0C3F06A}.Release|Any CPU.Build.0 = Release|Any CPU
	EndGlobalSection
	GlobalSection(SolutionProperties) = preSolution
		HideSolutionNode = FALSE
	EndGlobalSection
EndGlobal
